{
  "name": "geodb2",
  "version": "1.0.0",
  "lockfileVersion": 1,
  "requires": true,
  "dependencies": {
    "@sovpro/delimited-stream": {
      "version": "1.1.0",
      "resolved": "https://registry.npmjs.org/@sovpro/delimited-stream/-/delimited-stream-1.1.0.tgz",
      "integrity": "sha512-kQpk267uxB19X3X2T1mvNMjyvIEonpNSHrMlK5ZaBU6aZxw7wPbpgKJOjHN3+/GPVpXgAV9soVT2oyHpLkLtyw=="
    },
    "config": {
      "version": "3.3.7",
      "resolved": "https://registry.npmjs.org/config/-/config-3.3.7.tgz",
      "integrity": "sha512-mX/n7GKDYZMqvvkY6e6oBY49W8wxdmQt+ho/5lhwFDXqQW9gI+Ahp8EKp8VAbISPnmf2+Bv5uZK7lKXZ6pf1aA==",
      "requires": {
        "json5": "^2.1.1"
      }
    },
    "hjson": {
      "version": "3.2.2",
      "resolved": "https://registry.npmjs.org/hjson/-/hjson-3.2.2.tgz",
      "integrity": "sha512-MkUeB0cTIlppeSsndgESkfFD21T2nXPRaBStLtf3cAYA2bVEFdXlodZB0TukwZiobPD1Ksax5DK4RTZeaXCI3Q=="
    },
    "json-text-sequence": {
      "version": "1.0.1",
      "resolved": "https://registry.npmjs.org/json-text-sequence/-/json-text-sequence-1.0.1.tgz",
      "integrity": "sha512-AYvyAj02ukg85KiFMLphUMFWcNDCSwmNNuoqmpHUyBr/MJOB0c3rQrsJgzM2ELv25yozY9s9NrORuqdP1vNLXQ==",
      "requires": {
        "@sovpro/delimited-stream": "^1.1.0"
      }
    },
    "json5": {
      "version": "2.2.1",
      "resolved": "https://registry.npmjs.org/json5/-/json5-2.2.1.tgz",
      "integrity": "sha512-1hqLFMSrGHRHxav9q9gNjJ5EXznIxGVO09xQRrwplcS8qs28pZ8s8hupZAmqDwZUmVZ2Qb2jnyPOWcDH8m8dlA=="
    }
  }
}
